<?xml version="1.0" encoding="utf-8"?>
<Project ToolsVersion="4.0" xmlns="http://schemas.microsoft.com/developer/msbuild/2003">
  <ItemGroup>
    <Filter Include="Source Files">
      <UniqueIdentifier>{4FC737F1-C7A5-4376-A066-2A32D752A2FF}</UniqueIdentifier>
      <Extensions>cpp;c;cc;cxx;c++;cppm;ixx;def;odl;idl;hpj;bat;asm;asmx</Extensions>
    </Filter>
    <Filter Include="Header Files">
      <UniqueIdentifier>{93995380-89BD-4b04-88EB-625FBE52EBFB}</UniqueIdentifier>
      <Extensions>h;hh;hpp;hxx;h++;hm;inl;inc;ipp;xsd</Extensions>
    </Filter>
    <Filter Include="Resource Files">
      <UniqueIdentifier>{67DA6AB6-F800-4c08-8B7A-83BB121AAD01}</UniqueIdentifier>
      <Extensions>rc;ico;cur;bmp;dlg;rc2;rct;bin;rgs;gif;jpg;jpeg;jpe;resx;tiff;tif;png;wav;mfcribbon-ms</Extensions>
    </Filter>
    <Filter Include="Header Files\Networking">
      <UniqueIdentifier>{c9f6e11a-4945-4247-ad26-ef1b1100829d}</UniqueIdentifier>
    </Filter>
    <Filter Include="Source Files\Networking">
      <UniqueIdentifier>{f16eeff9-354a-4974-abcb-d88ef9f0a7df}</UniqueIdentifier>
    </Filter>
    <Filter Include="Header Files\Entities">
      <UniqueIdentifier>{1e8e0144-a39f-40b7-9141-12c92dd71a82}</UniqueIdentifier>
    </Filter>
    <Filter Include="Header Files\Utility">
      <UniqueIdentifier>{22a4f8f2-1f00-468a-bd75-dbf28441c48d}</UniqueIdentifier>
    </Filter>
    <Filter Include="Source Files\JSRuntime">
      <UniqueIdentifier>{8704ad38-01f5-45af-b81f-33a7835322c8}</UniqueIdentifier>
    </Filter>
    <Filter Include="Header Files\JSRuntime">
      <UniqueIdentifier>{403ea76a-6d7b-4554-aeb4-e46209412251}</UniqueIdentifier>
    </Filter>
    <Filter Include="Source Files\Entities">
      <UniqueIdentifier>{988fc2fd-8379-4033-862d-59e5499e8bc4}</UniqueIdentifier>
    </Filter>
    <Filter Include="Header Files\Attributes">
      <UniqueIdentifier>{75fef889-acdb-48e3-927a-1e123885185d}</UniqueIdentifier>
    </Filter>
    <Filter Include="Source Files\Attributes">
      <UniqueIdentifier>{bc81b921-6e43-4212-bdeb-a82e762f99a2}</UniqueIdentifier>
    </Filter>
  </ItemGroup>
  <ItemGroup>
    <ClCompile Include="Entity.cpp">
      <Filter>Source Files\Entities</Filter>
    </ClCompile>
    <ClCompile Include="UdpHost.cpp">
      <Filter>Source Files\Networking</Filter>
    </ClCompile>
    <ClCompile Include="AssetTransfer.cpp">
      <Filter>Source Files\Networking</Filter>
    </ClCompile>
    <ClCompile Include="ScriptLoader.cpp">
      <Filter>Source Files\JSRuntime</Filter>
    </ClCompile>
    <ClCompile Include="Script.cpp">
      <Filter>Source Files\JSRuntime</Filter>
    </ClCompile>
    <ClCompile Include="StandardFuncs.hpp">
      <Filter>Header Files\JSRuntime</Filter>
    </ClCompile>
    <ClCompile Include="StandardFuncs.cpp">
      <Filter>Source Files\JSRuntime</Filter>
    </ClCompile>
    <ClCompile Include="Attributes.cpp">
      <Filter>Source Files\Attributes</Filter>
    </ClCompile>
    <ClCompile Include="IHasClientW.hpp">
      <Filter>Header Files\Attributes</Filter>
    </ClCompile>
  </ItemGroup>
  <ItemGroup>
    <ClInclude Include="Entity.hpp">
      <Filter>Header Files\Entities</Filter>
    </ClInclude>
    <ClInclude Include="UdpChannels.hpp">
      <Filter>Header Files\Networking</Filter>
    </ClInclude>
    <ClInclude Include="UdpHost.hpp">
      <Filter>Header Files\Networking</Filter>
    </ClInclude>
    <ClInclude Include="base64.hpp">
      <Filter>Header Files\Utility</Filter>
    </ClInclude>
    <ClInclude Include="AssetTransfer.hpp">
      <Filter>Header Files\Networking</Filter>
    </ClInclude>
    <ClInclude Include="ScriptLoader.hpp">
      <Filter>Header Files\JSRuntime</Filter>
    </ClInclude>
    <ClInclude Include="Script.hpp">
      <Filter>Header Files\JSRuntime</Filter>
    </ClInclude>
    <ClInclude Include="Attributes.hpp">
      <Filter>Header Files\Attributes</Filter>
    </ClInclude>
    <ClInclude Include="TimedCache.hpp">
      <Filter>Header Files\Utility</Filter>
    </ClInclude>
  </ItemGroup>
  <ItemGroup>
    <None Include="packages.config" />
  </ItemGroup>
</Project>